
Microsoft Visual Studio Solution File, Format Version 12.00
# Visual Studio Version 17
VisualStudioVersion = 17.4.33110.190
MinimumVisualStudioVersion = 10.0.40219.1
Project("{FAE04EC0-301F-11D3-BF4B-00C04F79EFBC}") = "18.11.2022_2", "18.11.2022_2.csproj", "{F9A4F2D2-7FB5-4D69-B810-F663D5CAB781}"
EndProject
Global
	GlobalSection(SolutionConfigurationPlatforms) = preSolution
		Debug|Any CPU = Debug|Any CPU
		Release|Any CPU = Release|Any CPU
	EndGlobalSection
	GlobalSection(ProjectConfigurationPlatforms) = postSolution
		{F9A4F2D2-7FB5-4D69-B810-F663D5CAB781}.Debug|Any CPU.ActiveCfg = Debug|Any CPU
		{F9A4F2D2-7FB5-4D69-B810-F663D5CAB781}.Debug|Any CPU.Build.0 = Debug|Any CPU
		{F9A4F2D2-7FB5-4D69-B810-F663D5CAB781}.Release|Any CPU.ActiveCfg = Release|Any CPU
		{F9A4F2D2-7FB5-4D69-B810-F663D5CAB781}.Release|Any CPU.Build.0 = Release|Any CPU
	EndGlobalSection
	GlobalSection(SolutionProperties) = preSolution
		HideSolutionNode = FALSE
	EndGlobalSection
	GlobalSection(ExtensibilityGlobals) = postSolution
		SolutionGuid = {DE314D92-FA80-418A-ACAD-D1ABD7C00431}
	EndGlobalSection
EndGlobal
