
Microsoft Visual Studio Solution File, Format Version 12.00
# Visual Studio Version 17
VisualStudioVersion = 17.4.33110.190
MinimumVisualStudioVersion = 10.0.40219.1
Project("{FAE04EC0-301F-11D3-BF4B-00C04F79EFBC}") = "17.11.2022_2", "17.11.2022_2.csproj", "{E01AEDEA-64B2-4124-8B92-3B21D64B5C74}"
EndProject
Global
	GlobalSection(SolutionConfigurationPlatforms) = preSolution
		Debug|Any CPU = Debug|Any CPU
		Release|Any CPU = Release|Any CPU
	EndGlobalSection
	GlobalSection(ProjectConfigurationPlatforms) = postSolution
		{E01AEDEA-64B2-4124-8B92-3B21D64B5C74}.Debug|Any CPU.ActiveCfg = Debug|Any CPU
		{E01AEDEA-64B2-4124-8B92-3B21D64B5C74}.Debug|Any CPU.Build.0 = Debug|Any CPU
		{E01AEDEA-64B2-4124-8B92-3B21D64B5C74}.Release|Any CPU.ActiveCfg = Release|Any CPU
		{E01AEDEA-64B2-4124-8B92-3B21D64B5C74}.Release|Any CPU.Build.0 = Release|Any CPU
	EndGlobalSection
	GlobalSection(SolutionProperties) = preSolution
		HideSolutionNode = FALSE
	EndGlobalSection
	GlobalSection(ExtensibilityGlobals) = postSolution
		SolutionGuid = {41E188A5-97ED-4B04-8D68-7D07CEEE2DFF}
	EndGlobalSection
EndGlobal
