
Microsoft Visual Studio Solution File, Format Version 12.00
# Visual Studio Version 17
VisualStudioVersion = 17.4.33110.190
MinimumVisualStudioVersion = 10.0.40219.1
Project("{FAE04EC0-301F-11D3-BF4B-00C04F79EFBC}") = "11.18.2022", "11.18.2022.csproj", "{28FDF91F-9906-4636-B973-16EA04AF32EF}"
EndProject
Global
	GlobalSection(SolutionConfigurationPlatforms) = preSolution
		Debug|Any CPU = Debug|Any CPU
		Release|Any CPU = Release|Any CPU
	EndGlobalSection
	GlobalSection(ProjectConfigurationPlatforms) = postSolution
		{28FDF91F-9906-4636-B973-16EA04AF32EF}.Debug|Any CPU.ActiveCfg = Debug|Any CPU
		{28FDF91F-9906-4636-B973-16EA04AF32EF}.Debug|Any CPU.Build.0 = Debug|Any CPU
		{28FDF91F-9906-4636-B973-16EA04AF32EF}.Release|Any CPU.ActiveCfg = Release|Any CPU
		{28FDF91F-9906-4636-B973-16EA04AF32EF}.Release|Any CPU.Build.0 = Release|Any CPU
	EndGlobalSection
	GlobalSection(SolutionProperties) = preSolution
		HideSolutionNode = FALSE
	EndGlobalSection
	GlobalSection(ExtensibilityGlobals) = postSolution
		SolutionGuid = {D72A7C17-2ED7-4584-8C5B-AA43488FC886}
	EndGlobalSection
EndGlobal
