
Microsoft Visual Studio Solution File, Format Version 12.00
# Visual Studio Version 17
VisualStudioVersion = 17.4.33110.190
MinimumVisualStudioVersion = 10.0.40219.1
Project("{FAE04EC0-301F-11D3-BF4B-00C04F79EFBC}") = "MakeException", "MakeException.csproj", "{96304FA9-6DA2-451B-A674-E41564E239C6}"
EndProject
Global
	GlobalSection(SolutionConfigurationPlatforms) = preSolution
		Debug|Any CPU = Debug|Any CPU
		Release|Any CPU = Release|Any CPU
	EndGlobalSection
	GlobalSection(ProjectConfigurationPlatforms) = postSolution
		{96304FA9-6DA2-451B-A674-E41564E239C6}.Debug|Any CPU.ActiveCfg = Debug|Any CPU
		{96304FA9-6DA2-451B-A674-E41564E239C6}.Debug|Any CPU.Build.0 = Debug|Any CPU
		{96304FA9-6DA2-451B-A674-E41564E239C6}.Release|Any CPU.ActiveCfg = Release|Any CPU
		{96304FA9-6DA2-451B-A674-E41564E239C6}.Release|Any CPU.Build.0 = Release|Any CPU
	EndGlobalSection
	GlobalSection(SolutionProperties) = preSolution
		HideSolutionNode = FALSE
	EndGlobalSection
	GlobalSection(ExtensibilityGlobals) = postSolution
		SolutionGuid = {A222E2E3-1161-44B4-88B1-68E03E1B1623}
	EndGlobalSection
EndGlobal
