
Microsoft Visual Studio Solution File, Format Version 12.00
# Visual Studio Version 17
VisualStudioVersion = 17.4.33110.190
MinimumVisualStudioVersion = 10.0.40219.1
Project("{FAE04EC0-301F-11D3-BF4B-00C04F79EFBC}") = "ClassLibraryy", "ClassLibraryy.csproj", "{1D4FAE78-03BF-4830-A5DC-4DF23A44AD93}"
EndProject
Global
	GlobalSection(SolutionConfigurationPlatforms) = preSolution
		Debug|Any CPU = Debug|Any CPU
		Release|Any CPU = Release|Any CPU
	EndGlobalSection
	GlobalSection(ProjectConfigurationPlatforms) = postSolution
		{1D4FAE78-03BF-4830-A5DC-4DF23A44AD93}.Debug|Any CPU.ActiveCfg = Debug|Any CPU
		{1D4FAE78-03BF-4830-A5DC-4DF23A44AD93}.Debug|Any CPU.Build.0 = Debug|Any CPU
		{1D4FAE78-03BF-4830-A5DC-4DF23A44AD93}.Release|Any CPU.ActiveCfg = Release|Any CPU
		{1D4FAE78-03BF-4830-A5DC-4DF23A44AD93}.Release|Any CPU.Build.0 = Release|Any CPU
	EndGlobalSection
	GlobalSection(SolutionProperties) = preSolution
		HideSolutionNode = FALSE
	EndGlobalSection
	GlobalSection(ExtensibilityGlobals) = postSolution
		SolutionGuid = {53E4AB70-F260-404D-B047-0967B92C105B}
	EndGlobalSection
EndGlobal
