
Microsoft Visual Studio Solution File, Format Version 12.00
# Visual Studio Version 17
VisualStudioVersion = 17.4.33110.190
MinimumVisualStudioVersion = 10.0.40219.1
Project("{FAE04EC0-301F-11D3-BF4B-00C04F79EFBC}") = "17.11.2022_3", "17.11.2022_3.csproj", "{082099EF-1664-4E2D-B74F-6407726F9020}"
EndProject
Global
	GlobalSection(SolutionConfigurationPlatforms) = preSolution
		Debug|Any CPU = Debug|Any CPU
		Release|Any CPU = Release|Any CPU
	EndGlobalSection
	GlobalSection(ProjectConfigurationPlatforms) = postSolution
		{082099EF-1664-4E2D-B74F-6407726F9020}.Debug|Any CPU.ActiveCfg = Debug|Any CPU
		{082099EF-1664-4E2D-B74F-6407726F9020}.Debug|Any CPU.Build.0 = Debug|Any CPU
		{082099EF-1664-4E2D-B74F-6407726F9020}.Release|Any CPU.ActiveCfg = Release|Any CPU
		{082099EF-1664-4E2D-B74F-6407726F9020}.Release|Any CPU.Build.0 = Release|Any CPU
	EndGlobalSection
	GlobalSection(SolutionProperties) = preSolution
		HideSolutionNode = FALSE
	EndGlobalSection
	GlobalSection(ExtensibilityGlobals) = postSolution
		SolutionGuid = {6FDF189D-82B7-4A0A-8BF6-D49E2D375185}
	EndGlobalSection
EndGlobal
